
Microsoft Visual Studio Solution File, Format Version 12.00
# Visual Studio 15
VisualStudioVersion = 15.0.26730.16
MinimumVisualStudioVersion = 10.0.40219.1
Project("{FAE04EC0-301F-11D3-BF4B-00C04F79EFBC}") = "CedaronMedical", "CedaronMedical\CedaronMedical.csproj", "{01C4CF49-6661-491E-A326-F935BAFF6E2F}"
EndProject
Project("{FAE04EC0-301F-11D3-BF4B-00C04F79EFBC}") = "CedaronUnitTests", "CedaronUnitTests\CedaronUnitTests.csproj", "{D5E69CCC-1291-49A9-8095-DF6F7EBB9FEF}"
EndProject
Global
	GlobalSection(SolutionConfigurationPlatforms) = preSolution
		Debug|Any CPU = Debug|Any CPU
		Debug|ARM = Debug|ARM
		Debug|x64 = Debug|x64
		Debug|x86 = Debug|x86
		Release|Any CPU = Release|Any CPU
		Release|ARM = Release|ARM
		Release|x64 = Release|x64
		Release|x86 = Release|x86
	EndGlobalSection
	GlobalSection(ProjectConfigurationPlatforms) = postSolution
		{01C4CF49-6661-491E-A326-F935BAFF6E2F}.Debug|Any CPU.ActiveCfg = Debug|Any CPU
		{01C4CF49-6661-491E-A326-F935BAFF6E2F}.Debug|Any CPU.Build.0 = Debug|Any CPU
		{01C4CF49-6661-491E-A326-F935BAFF6E2F}.Debug|ARM.ActiveCfg = Debug|Any CPU
		{01C4CF49-6661-491E-A326-F935BAFF6E2F}.Debug|ARM.Build.0 = Debug|Any CPU
		{01C4CF49-6661-491E-A326-F935BAFF6E2F}.Debug|x64.ActiveCfg = Debug|Any CPU
		{01C4CF49-6661-491E-A326-F935BAFF6E2F}.Debug|x64.Build.0 = Debug|Any CPU
		{01C4CF49-6661-491E-A326-F935BAFF6E2F}.Debug|x86.ActiveCfg = Debug|Any CPU
		{01C4CF49-6661-491E-A326-F935BAFF6E2F}.Debug|x86.Build.0 = Debug|Any CPU
		{01C4CF49-6661-491E-A326-F935BAFF6E2F}.Release|Any CPU.ActiveCfg = Release|Any CPU
		{01C4CF49-6661-491E-A326-F935BAFF6E2F}.Release|Any CPU.Build.0 = Release|Any CPU
		{01C4CF49-6661-491E-A326-F935BAFF6E2F}.Release|ARM.ActiveCfg = Release|Any CPU
		{01C4CF49-6661-491E-A326-F935BAFF6E2F}.Release|ARM.Build.0 = Release|Any CPU
		{01C4CF49-6661-491E-A326-F935BAFF6E2F}.Release|x64.ActiveCfg = Release|Any CPU
		{01C4CF49-6661-491E-A326-F935BAFF6E2F}.Release|x64.Build.0 = Release|Any CPU
		{01C4CF49-6661-491E-A326-F935BAFF6E2F}.Release|x86.ActiveCfg = Release|Any CPU
		{01C4CF49-6661-491E-A326-F935BAFF6E2F}.Release|x86.Build.0 = Release|Any CPU
		{D5E69CCC-1291-49A9-8095-DF6F7EBB9FEF}.Debug|Any CPU.ActiveCfg = Debug|Any CPU
		{D5E69CCC-1291-49A9-8095-DF6F7EBB9FEF}.Debug|Any CPU.Build.0 = Debug|Any CPU
		{D5E69CCC-1291-49A9-8095-DF6F7EBB9FEF}.Debug|ARM.ActiveCfg = Debug|Any CPU
		{D5E69CCC-1291-49A9-8095-DF6F7EBB9FEF}.Debug|ARM.Build.0 = Debug|Any CPU
		{D5E69CCC-1291-49A9-8095-DF6F7EBB9FEF}.Debug|x64.ActiveCfg = Debug|Any CPU
		{D5E69CCC-1291-49A9-8095-DF6F7EBB9FEF}.Debug|x64.Build.0 = Debug|Any CPU
		{D5E69CCC-1291-49A9-8095-DF6F7EBB9FEF}.Debug|x86.ActiveCfg = Debug|Any CPU
		{D5E69CCC-1291-49A9-8095-DF6F7EBB9FEF}.Debug|x86.Build.0 = Debug|Any CPU
		{D5E69CCC-1291-49A9-8095-DF6F7EBB9FEF}.Release|Any CPU.ActiveCfg = Release|Any CPU
		{D5E69CCC-1291-49A9-8095-DF6F7EBB9FEF}.Release|Any CPU.Build.0 = Release|Any CPU
		{D5E69CCC-1291-49A9-8095-DF6F7EBB9FEF}.Release|ARM.ActiveCfg = Release|Any CPU
		{D5E69CCC-1291-49A9-8095-DF6F7EBB9FEF}.Release|ARM.Build.0 = Release|Any CPU
		{D5E69CCC-1291-49A9-8095-DF6F7EBB9FEF}.Release|x64.ActiveCfg = Release|Any CPU
		{D5E69CCC-1291-49A9-8095-DF6F7EBB9FEF}.Release|x64.Build.0 = Release|Any CPU
		{D5E69CCC-1291-49A9-8095-DF6F7EBB9FEF}.Release|x86.ActiveCfg = Release|Any CPU
		{D5E69CCC-1291-49A9-8095-DF6F7EBB9FEF}.Release|x86.Build.0 = Release|Any CPU
	EndGlobalSection
	GlobalSection(SolutionProperties) = preSolution
		HideSolutionNode = FALSE
	EndGlobalSection
	GlobalSection(ExtensibilityGlobals) = postSolution
		SolutionGuid = {838C94EC-7701-46ED-90A0-DD4686DCE769}
	EndGlobalSection
EndGlobal
